Microsoft Visual Studio Solution File, Format Version 11.00
# Visual Studio 2008

Project("{97CF46A8-72AE-87C1-7AA5-1E1333D57B04}") = "Asaakura", "Assembly-CSharp.csproj", "{6AAA7FCF-4E3C-59C8-F993-519AED37A90F}"
EndProject
Global
	GlobalSection(SolutionConfigurationPlatforms) = preSolution
		Debug|Any CPU = Debug|Any CPU
		Release|Any CPU = Release|Any CPU
	EndGlobalSection
	GlobalSection(ProjectConfigurationPlatforms) = postSolution
		{6AAA7FCF-4E3C-59C8-F993-519AED37A90F}.Debug|Any CPU.ActiveCfg = Debug|Any CPU
		{6AAA7FCF-4E3C-59C8-F993-519AED37A90F}.Debug|Any CPU.Build.0 = Debug|Any CPU
		{6AAA7FCF-4E3C-59C8-F993-519AED37A90F}.Release|Any CPU.ActiveCfg = Release|Any CPU
		{6AAA7FCF-4E3C-59C8-F993-519AED37A90F}.Release|Any CPU.Build.0 = Release|Any CPU
	EndGlobalSection
	GlobalSection(SolutionProperties) = preSolution
		HideSolutionNode = FALSE
	EndGlobalSection
	GlobalSection(MonoDevelopProperties) = preSolution
		StartupItem = Assembly-CSharp.csproj
	EndGlobalSection
EndGlobal
