Microsoft Visual Studio Solution File, Format Version 11.00
# Visual Studio 2008

Project("{6129611D-08F6-2960-D30B-1BE0AC429F94}") = "Asaakura unity5.4", "Assembly-CSharp.csproj", "{FD81C33E-6492-7409-C6B2-BD2408961F8F}"
EndProject
Global
	GlobalSection(SolutionConfigurationPlatforms) = preSolution
		Debug|Any CPU = Debug|Any CPU
		Release|Any CPU = Release|Any CPU
	EndGlobalSection
	GlobalSection(ProjectConfigurationPlatforms) = postSolution
		{FD81C33E-6492-7409-C6B2-BD2408961F8F}.Debug|Any CPU.ActiveCfg = Debug|Any CPU
		{FD81C33E-6492-7409-C6B2-BD2408961F8F}.Debug|Any CPU.Build.0 = Debug|Any CPU
		{FD81C33E-6492-7409-C6B2-BD2408961F8F}.Release|Any CPU.ActiveCfg = Release|Any CPU
		{FD81C33E-6492-7409-C6B2-BD2408961F8F}.Release|Any CPU.Build.0 = Release|Any CPU
	EndGlobalSection
	GlobalSection(SolutionProperties) = preSolution
		HideSolutionNode = FALSE
	EndGlobalSection
	GlobalSection(MonoDevelopProperties) = preSolution
		StartupItem = Assembly-CSharp.csproj
	EndGlobalSection
EndGlobal
